
Microsoft Visual Studio Solution File, Format Version 12.00
# Visual Studio Version 17
VisualStudioVersion = 17.1.32210.238
MinimumVisualStudioVersion = 10.0.40219.1
Project("{FAE04EC0-301F-11D3-BF4B-00C04F79EFBC}") = "Cinema", "Cinema\Cinema.csproj", "{9AC2A8C8-8126-4489-832A-E4BF1EFA3F0A}"
EndProject
Project("{FAE04EC0-301F-11D3-BF4B-00C04F79EFBC}") = "CinemaTests", "CinemaTests\CinemaTests.csproj", "{A7AB0882-E049-472E-ADC2-92B9DAAB2219}"
EndProject
Project("{54435603-DBB4-11D2-8724-00A0C9A8B90C}") = "CinemaInstaller", "CinemaInstaller\CinemaInstaller.vdproj", "{1DCB2391-C093-4F31-AB42-A5A37FDC4DF0}"
EndProject
Global
	GlobalSection(SolutionConfigurationPlatforms) = preSolution
		Debug|Any CPU = Debug|Any CPU
		Release|Any CPU = Release|Any CPU
	EndGlobalSection
	GlobalSection(ProjectConfigurationPlatforms) = postSolution
		{9AC2A8C8-8126-4489-832A-E4BF1EFA3F0A}.Debug|Any CPU.ActiveCfg = Debug|Any CPU
		{9AC2A8C8-8126-4489-832A-E4BF1EFA3F0A}.Debug|Any CPU.Build.0 = Debug|Any CPU
		{9AC2A8C8-8126-4489-832A-E4BF1EFA3F0A}.Release|Any CPU.ActiveCfg = Release|Any CPU
		{9AC2A8C8-8126-4489-832A-E4BF1EFA3F0A}.Release|Any CPU.Build.0 = Release|Any CPU
		{A7AB0882-E049-472E-ADC2-92B9DAAB2219}.Debug|Any CPU.ActiveCfg = Debug|Any CPU
		{A7AB0882-E049-472E-ADC2-92B9DAAB2219}.Debug|Any CPU.Build.0 = Debug|Any CPU
		{A7AB0882-E049-472E-ADC2-92B9DAAB2219}.Release|Any CPU.ActiveCfg = Release|Any CPU
		{A7AB0882-E049-472E-ADC2-92B9DAAB2219}.Release|Any CPU.Build.0 = Release|Any CPU
		{1DCB2391-C093-4F31-AB42-A5A37FDC4DF0}.Debug|Any CPU.ActiveCfg = Debug
		{1DCB2391-C093-4F31-AB42-A5A37FDC4DF0}.Release|Any CPU.ActiveCfg = Release
	EndGlobalSection
	GlobalSection(SolutionProperties) = preSolution
		HideSolutionNode = FALSE
	EndGlobalSection
	GlobalSection(ExtensibilityGlobals) = postSolution
		SolutionGuid = {B882177C-90E1-4BEC-9A4B-A7A80A4C9AB1}
	EndGlobalSection
EndGlobal
